
Microsoft Visual Studio Solution File, Format Version 12.00
# Visual Studio Version 16
VisualStudioVersion = 16.0.31105.61
MinimumVisualStudioVersion = 10.0.40219.1
Project("{8BC9CEB8-8B4A-11D0-8D11-00A0C91BC942}") = "Laba 3.3", "Laba 3.3\Laba 3.3.vcxproj", "{17C8D1FB-CB50-4E76-8FD5-33104BE00FBF}"
EndProject
Global
	GlobalSection(SolutionConfigurationPlatforms) = preSolution
		Debug|x64 = Debug|x64
		Debug|x86 = Debug|x86
		Release|x64 = Release|x64
		Release|x86 = Release|x86
	EndGlobalSection
	GlobalSection(ProjectConfigurationPlatforms) = postSolution
		{17C8D1FB-CB50-4E76-8FD5-33104BE00FBF}.Debug|x64.ActiveCfg = Debug|x64
		{17C8D1FB-CB50-4E76-8FD5-33104BE00FBF}.Debug|x64.Build.0 = Debug|x64
		{17C8D1FB-CB50-4E76-8FD5-33104BE00FBF}.Debug|x86.ActiveCfg = Debug|Win32
		{17C8D1FB-CB50-4E76-8FD5-33104BE00FBF}.Debug|x86.Build.0 = Debug|Win32
		{17C8D1FB-CB50-4E76-8FD5-33104BE00FBF}.Release|x64.ActiveCfg = Release|x64
		{17C8D1FB-CB50-4E76-8FD5-33104BE00FBF}.Release|x64.Build.0 = Release|x64
		{17C8D1FB-CB50-4E76-8FD5-33104BE00FBF}.Release|x86.ActiveCfg = Release|Win32
		{17C8D1FB-CB50-4E76-8FD5-33104BE00FBF}.Release|x86.Build.0 = Release|Win32
	EndGlobalSection
	GlobalSection(SolutionProperties) = preSolution
		HideSolutionNode = FALSE
	EndGlobalSection
	GlobalSection(ExtensibilityGlobals) = postSolution
		SolutionGuid = {D7E5DB08-2C3B-4703-ADB2-711BEFF98E17}
	EndGlobalSection
EndGlobal
